<?xml version="1.0" encoding="utf-8"?>
<Project ToolsVersion="4.0" xmlns="http://schemas.microsoft.com/developer/msbuild/2003">
  <ItemGroup>
    <Filter Include="소스 파일">
      <UniqueIdentifier>{4FC737F1-C7A5-4376-A066-2A32D752A2FF}</UniqueIdentifier>
      <Extensions>cpp;c;cc;cxx;c++;cppm;ixx;def;odl;idl;hpj;bat;asm;asmx</Extensions>
    </Filter>
    <Filter Include="헤더 파일">
      <UniqueIdentifier>{93995380-89BD-4b04-88EB-625FBE52EBFB}</UniqueIdentifier>
      <Extensions>h;hh;hpp;hxx;h++;hm;inl;inc;ipp;xsd</Extensions>
    </Filter>
    <Filter Include="리소스 파일">
      <UniqueIdentifier>{67DA6AB6-F800-4c08-8B7A-83BB121AAD01}</UniqueIdentifier>
      <Extensions>rc;ico;cur;bmp;dlg;rc2;rct;bin;rgs;gif;jpg;jpeg;jpe;resx;tiff;tif;png;wav;mfcribbon-ms</Extensions>
    </Filter>
    <Filter Include="Data">
      <UniqueIdentifier>{c1a0e5d1-3499-402d-9731-fc6ccf87d9a5}</UniqueIdentifier>
    </Filter>
    <Filter Include="Item">
      <UniqueIdentifier>{5ed25951-52fb-4b45-8615-33473acef839}</UniqueIdentifier>
    </Filter>
    <Filter Include="Charater">
      <UniqueIdentifier>{1a56aa0b-c808-4082-8a4e-7c05ce343262}</UniqueIdentifier>
    </Filter>
    <Filter Include="Effect">
      <UniqueIdentifier>{a0993e07-2b1d-4367-9aa8-644ed411d92f}</UniqueIdentifier>
    </Filter>
    <Filter Include="Effect\DetailEffects">
      <UniqueIdentifier>{3013191d-3a26-4b74-8043-1b43b32c7965}</UniqueIdentifier>
    </Filter>
    <Filter Include="Shop">
      <UniqueIdentifier>{65e9bbe4-bc07-4c0d-9f38-ef6f6f02231c}</UniqueIdentifier>
    </Filter>
    <Filter Include="GameManager">
      <UniqueIdentifier>{f2391a71-9c41-457c-9724-c05e477f18af}</UniqueIdentifier>
    </Filter>
    <Filter Include="Enemy">
      <UniqueIdentifier>{25f5a0f6-57e0-49f0-aa1e-9669d4bde847}</UniqueIdentifier>
    </Filter>
  </ItemGroup>
  <ItemGroup>
    <ClCompile Include="Main.cpp">
      <Filter>소스 파일</Filter>
    </ClCompile>
    <ClCompile Include="DataManager.cpp">
      <Filter>Data</Filter>
    </ClCompile>
    <ClCompile Include="ItemManager.cpp">
      <Filter>Item</Filter>
    </ClCompile>
    <ClCompile Include="Character\Player.cpp">
      <Filter>Charater</Filter>
    </ClCompile>
    <ClCompile Include="EffectManager.cpp">
      <Filter>Effect</Filter>
    </ClCompile>
    <ClCompile Include="HealEffect.cpp">
      <Filter>Effect\DetailEffects</Filter>
    </ClCompile>
    <ClCompile Include="IncreaseAttackEffect.cpp">
      <Filter>Effect\DetailEffects</Filter>
    </ClCompile>
    <ClCompile Include="ItemInstance.cpp">
      <Filter>Item</Filter>
    </ClCompile>
    <ClCompile Include="GameManager.cpp">
      <Filter>GameManager</Filter>
    </ClCompile>
    <ClCompile Include="ShopBase.cpp">
      <Filter>Shop</Filter>
    </ClCompile>
    <ClCompile Include="Enemy.cpp">
      <Filter>Enemy</Filter>
    </ClCompile>
    <ClCompile Include="ShopManager.cpp">
      <Filter>GameManager</Filter>
    </ClCompile>
    <ClCompile Include="EnemySpawnManager.cpp">
      <Filter>Enemy</Filter>
    </ClCompile>
  </ItemGroup>
  <ItemGroup>
    <ClInclude Include="DataManager.h">
      <Filter>Data</Filter>
    </ClInclude>
    <ClInclude Include="JsonParser.h">
      <Filter>Data</Filter>
    </ClInclude>
    <ClInclude Include="ItemData.h">
      <Filter>Item</Filter>
    </ClInclude>
    <ClInclude Include="ItemManager.h">
      <Filter>Item</Filter>
    </ClInclude>
    <ClInclude Include="Character\CharacterBase.h">
      <Filter>Charater</Filter>
    </ClInclude>
    <ClInclude Include="Character\Player.h">
      <Filter>Charater</Filter>
    </ClInclude>
    <ClInclude Include="EffectDescriptor.h">
      <Filter>Effect</Filter>
    </ClInclude>
    <ClInclude Include="EffectRegister.h">
      <Filter>Effect</Filter>
    </ClInclude>
    <ClInclude Include="EffectManager.h">
      <Filter>Effect</Filter>
    </ClInclude>
    <ClInclude Include="HealEffect.h">
      <Filter>Effect\DetailEffects</Filter>
    </ClInclude>
    <ClInclude Include="IncreaseAttackEffect.h">
      <Filter>Effect\DetailEffects</Filter>
    </ClInclude>
    <ClInclude Include="ItemInstance.h">
      <Filter>Item</Filter>
    </ClInclude>
    <ClInclude Include="ShopData.h">
      <Filter>Shop</Filter>
    </ClInclude>
    <ClInclude Include="GameManager.h">
      <Filter>GameManager</Filter>
    </ClInclude>
    <ClInclude Include="EnemyData.h" />
    <ClInclude Include="ShopBase.h">
      <Filter>Shop</Filter>
    </ClInclude>
    <ClInclude Include="Enemy.h">
      <Filter>Enemy</Filter>
    </ClInclude>
    <ClInclude Include="ShopManager.h">
      <Filter>GameManager</Filter>
    </ClInclude>
  </ItemGroup>
</Project>